
Microsoft Visual Studio Solution File, Format Version 12.00
# Visual Studio Version 17
VisualStudioVersion = 17.7.34031.279
MinimumVisualStudioVersion = 10.0.40219.1
Project("{FAE04EC0-301F-11D3-BF4B-00C04F79EFBC}") = "20231206_2", "20231206_2\20231206_2.csproj", "{29965872-1541-4D97-B95B-6AF32408608B}"
EndProject
Global
	GlobalSection(SolutionConfigurationPlatforms) = preSolution
		Debug|Any CPU = Debug|Any CPU
		Release|Any CPU = Release|Any CPU
	EndGlobalSection
	GlobalSection(ProjectConfigurationPlatforms) = postSolution
		{29965872-1541-4D97-B95B-6AF32408608B}.Debug|Any CPU.ActiveCfg = Debug|Any CPU
		{29965872-1541-4D97-B95B-6AF32408608B}.Debug|Any CPU.Build.0 = Debug|Any CPU
		{29965872-1541-4D97-B95B-6AF32408608B}.Release|Any CPU.ActiveCfg = Release|Any CPU
		{29965872-1541-4D97-B95B-6AF32408608B}.Release|Any CPU.Build.0 = Release|Any CPU
	EndGlobalSection
	GlobalSection(SolutionProperties) = preSolution
		HideSolutionNode = FALSE
	EndGlobalSection
	GlobalSection(ExtensibilityGlobals) = postSolution
		SolutionGuid = {E0E36398-E459-45D6-B08A-34E961BD2B3F}
	EndGlobalSection
EndGlobal
