
Microsoft Visual Studio Solution File, Format Version 12.00
# Visual Studio Version 17
VisualStudioVersion = 17.7.34031.279
MinimumVisualStudioVersion = 10.0.40219.1
Project("{FAE04EC0-301F-11D3-BF4B-00C04F79EFBC}") = "20240229方法1", "20240229方法1\20240229方法1.csproj", "{BBF88B9E-2CDA-4E15-B1FC-8A8F88D661AD}"
EndProject
Global
	GlobalSection(SolutionConfigurationPlatforms) = preSolution
		Debug|Any CPU = Debug|Any CPU
		Release|Any CPU = Release|Any CPU
	EndGlobalSection
	GlobalSection(ProjectConfigurationPlatforms) = postSolution
		{BBF88B9E-2CDA-4E15-B1FC-8A8F88D661AD}.Debug|Any CPU.ActiveCfg = Debug|Any CPU
		{BBF88B9E-2CDA-4E15-B1FC-8A8F88D661AD}.Debug|Any CPU.Build.0 = Debug|Any CPU
		{BBF88B9E-2CDA-4E15-B1FC-8A8F88D661AD}.Release|Any CPU.ActiveCfg = Release|Any CPU
		{BBF88B9E-2CDA-4E15-B1FC-8A8F88D661AD}.Release|Any CPU.Build.0 = Release|Any CPU
	EndGlobalSection
	GlobalSection(SolutionProperties) = preSolution
		HideSolutionNode = FALSE
	EndGlobalSection
	GlobalSection(ExtensibilityGlobals) = postSolution
		SolutionGuid = {CAF4B979-F1BA-4320-9FD3-8B65C3BF8042}
	EndGlobalSection
EndGlobal
