
Microsoft Visual Studio Solution File, Format Version 12.00
# Visual Studio Version 17
VisualStudioVersion = 17.7.34031.279
MinimumVisualStudioVersion = 10.0.40219.1
Project("{FAE04EC0-301F-11D3-BF4B-00C04F79EFBC}") = "20231206", "20231206\20231206.csproj", "{88CDB6D2-7E7D-420B-B1FA-1A02B89B31E8}"
EndProject
Global
	GlobalSection(SolutionConfigurationPlatforms) = preSolution
		Debug|Any CPU = Debug|Any CPU
		Release|Any CPU = Release|Any CPU
	EndGlobalSection
	GlobalSection(ProjectConfigurationPlatforms) = postSolution
		{88CDB6D2-7E7D-420B-B1FA-1A02B89B31E8}.Debug|Any CPU.ActiveCfg = Debug|Any CPU
		{88CDB6D2-7E7D-420B-B1FA-1A02B89B31E8}.Debug|Any CPU.Build.0 = Debug|Any CPU
		{88CDB6D2-7E7D-420B-B1FA-1A02B89B31E8}.Release|Any CPU.ActiveCfg = Release|Any CPU
		{88CDB6D2-7E7D-420B-B1FA-1A02B89B31E8}.Release|Any CPU.Build.0 = Release|Any CPU
	EndGlobalSection
	GlobalSection(SolutionProperties) = preSolution
		HideSolutionNode = FALSE
	EndGlobalSection
	GlobalSection(ExtensibilityGlobals) = postSolution
		SolutionGuid = {760794B0-7544-430B-845F-181602112DAC}
	EndGlobalSection
EndGlobal
