
Microsoft Visual Studio Solution File, Format Version 12.00
# Visual Studio Version 17
VisualStudioVersion = 17.8.34322.80
MinimumVisualStudioVersion = 10.0.40219.1
Project("{FAE04EC0-301F-11D3-BF4B-00C04F79EFBC}") = "11210301遞迴", "11210301遞迴\11210301遞迴.csproj", "{4CF5F97E-E465-4446-B658-4288D48A7CCE}"
EndProject
Global
	GlobalSection(SolutionConfigurationPlatforms) = preSolution
		Debug|Any CPU = Debug|Any CPU
		Release|Any CPU = Release|Any CPU
	EndGlobalSection
	GlobalSection(ProjectConfigurationPlatforms) = postSolution
		{4CF5F97E-E465-4446-B658-4288D48A7CCE}.Debug|Any CPU.ActiveCfg = Debug|Any CPU
		{4CF5F97E-E465-4446-B658-4288D48A7CCE}.Debug|Any CPU.Build.0 = Debug|Any CPU
		{4CF5F97E-E465-4446-B658-4288D48A7CCE}.Release|Any CPU.ActiveCfg = Release|Any CPU
		{4CF5F97E-E465-4446-B658-4288D48A7CCE}.Release|Any CPU.Build.0 = Release|Any CPU
	EndGlobalSection
	GlobalSection(SolutionProperties) = preSolution
		HideSolutionNode = FALSE
	EndGlobalSection
	GlobalSection(ExtensibilityGlobals) = postSolution
		SolutionGuid = {34DBBDB6-BC9E-452C-9DEB-1E82DD878192}
	EndGlobalSection
EndGlobal
