
Microsoft Visual Studio Solution File, Format Version 12.00
# Visual Studio Version 17
VisualStudioVersion = 17.8.34322.80
MinimumVisualStudioVersion = 10.0.40219.1
Project("{FAE04EC0-301F-11D3-BF4B-00C04F79EFBC}") = "T4", "T4\T4.csproj", "{AD13CFAE-E297-4ADF-B71F-1B8EE33187DD}"
EndProject
Global
	GlobalSection(SolutionConfigurationPlatforms) = preSolution
		Debug|Any CPU = Debug|Any CPU
		Release|Any CPU = Release|Any CPU
	EndGlobalSection
	GlobalSection(ProjectConfigurationPlatforms) = postSolution
		{AD13CFAE-E297-4ADF-B71F-1B8EE33187DD}.Debug|Any CPU.ActiveCfg = Debug|Any CPU
		{AD13CFAE-E297-4ADF-B71F-1B8EE33187DD}.Debug|Any CPU.Build.0 = Debug|Any CPU
		{AD13CFAE-E297-4ADF-B71F-1B8EE33187DD}.Release|Any CPU.ActiveCfg = Release|Any CPU
		{AD13CFAE-E297-4ADF-B71F-1B8EE33187DD}.Release|Any CPU.Build.0 = Release|Any CPU
	EndGlobalSection
	GlobalSection(SolutionProperties) = preSolution
		HideSolutionNode = FALSE
	EndGlobalSection
	GlobalSection(ExtensibilityGlobals) = postSolution
		SolutionGuid = {CCCA6638-ADA2-41A2-964B-1BE39B2675A3}
	EndGlobalSection
EndGlobal
