
Microsoft Visual Studio Solution File, Format Version 12.00
# Visual Studio Version 17
VisualStudioVersion = 17.7.34031.279
MinimumVisualStudioVersion = 10.0.40219.1
Project("{FAE04EC0-301F-11D3-BF4B-00C04F79EFBC}") = "20231023", "20231023\20231023.csproj", "{1073070D-4CF7-4A66-9B91-A242C48D71A1}"
EndProject
Global
	GlobalSection(SolutionConfigurationPlatforms) = preSolution
		Debug|Any CPU = Debug|Any CPU
		Release|Any CPU = Release|Any CPU
	EndGlobalSection
	GlobalSection(ProjectConfigurationPlatforms) = postSolution
		{1073070D-4CF7-4A66-9B91-A242C48D71A1}.Debug|Any CPU.ActiveCfg = Debug|Any CPU
		{1073070D-4CF7-4A66-9B91-A242C48D71A1}.Debug|Any CPU.Build.0 = Debug|Any CPU
		{1073070D-4CF7-4A66-9B91-A242C48D71A1}.Release|Any CPU.ActiveCfg = Release|Any CPU
		{1073070D-4CF7-4A66-9B91-A242C48D71A1}.Release|Any CPU.Build.0 = Release|Any CPU
	EndGlobalSection
	GlobalSection(SolutionProperties) = preSolution
		HideSolutionNode = FALSE
	EndGlobalSection
	GlobalSection(ExtensibilityGlobals) = postSolution
		SolutionGuid = {028D873F-1D19-4976-BE4D-CC412DE577D5}
	EndGlobalSection
EndGlobal
