
Microsoft Visual Studio Solution File, Format Version 12.00
# Visual Studio Version 17
VisualStudioVersion = 17.8.34322.80
MinimumVisualStudioVersion = 10.0.40219.1
Project("{FAE04EC0-301F-11D3-BF4B-00C04F79EFBC}") = "11210301_MaxMin", "11210301_MaxMin\11210301_MaxMin.csproj", "{5E3A9C38-6078-403F-A1F1-C366FD0176DB}"
EndProject
Global
	GlobalSection(SolutionConfigurationPlatforms) = preSolution
		Debug|Any CPU = Debug|Any CPU
		Release|Any CPU = Release|Any CPU
	EndGlobalSection
	GlobalSection(ProjectConfigurationPlatforms) = postSolution
		{5E3A9C38-6078-403F-A1F1-C366FD0176DB}.Debug|Any CPU.ActiveCfg = Debug|Any CPU
		{5E3A9C38-6078-403F-A1F1-C366FD0176DB}.Debug|Any CPU.Build.0 = Debug|Any CPU
		{5E3A9C38-6078-403F-A1F1-C366FD0176DB}.Release|Any CPU.ActiveCfg = Release|Any CPU
		{5E3A9C38-6078-403F-A1F1-C366FD0176DB}.Release|Any CPU.Build.0 = Release|Any CPU
	EndGlobalSection
	GlobalSection(SolutionProperties) = preSolution
		HideSolutionNode = FALSE
	EndGlobalSection
	GlobalSection(ExtensibilityGlobals) = postSolution
		SolutionGuid = {7987EAB8-2EB8-4829-9E51-84B71FB3CB09}
	EndGlobalSection
EndGlobal
