
Microsoft Visual Studio Solution File, Format Version 12.00
# Visual Studio Version 17
VisualStudioVersion = 17.7.34018.315
MinimumVisualStudioVersion = 10.0.40219.1
Project("{FAE04EC0-301F-11D3-BF4B-00C04F79EFBC}") = "20231213ex2_大整數加法", "20231213ex2_大整數加法\20231213ex2_大整數加法.csproj", "{1AE675A9-CAAD-463D-83CE-125EEFECA037}"
EndProject
Global
	GlobalSection(SolutionConfigurationPlatforms) = preSolution
		Debug|Any CPU = Debug|Any CPU
		Release|Any CPU = Release|Any CPU
	EndGlobalSection
	GlobalSection(ProjectConfigurationPlatforms) = postSolution
		{1AE675A9-CAAD-463D-83CE-125EEFECA037}.Debug|Any CPU.ActiveCfg = Debug|Any CPU
		{1AE675A9-CAAD-463D-83CE-125EEFECA037}.Debug|Any CPU.Build.0 = Debug|Any CPU
		{1AE675A9-CAAD-463D-83CE-125EEFECA037}.Release|Any CPU.ActiveCfg = Release|Any CPU
		{1AE675A9-CAAD-463D-83CE-125EEFECA037}.Release|Any CPU.Build.0 = Release|Any CPU
	EndGlobalSection
	GlobalSection(SolutionProperties) = preSolution
		HideSolutionNode = FALSE
	EndGlobalSection
	GlobalSection(ExtensibilityGlobals) = postSolution
		SolutionGuid = {F0FF5498-EC27-422F-9B76-36EBD01775C0}
	EndGlobalSection
EndGlobal
