
Microsoft Visual Studio Solution File, Format Version 12.00
# Visual Studio Version 17
VisualStudioVersion = 17.8.34322.80
MinimumVisualStudioVersion = 10.0.40219.1
Project("{FAE04EC0-301F-11D3-BF4B-00C04F79EFBC}") = "印出轉換成小寫的字串", "印出轉換成小寫的字串.csproj", "{D5761A28-44A7-4ECA-A5A6-55D6D8D7BB92}"
EndProject
Global
	GlobalSection(SolutionConfigurationPlatforms) = preSolution
		Debug|Any CPU = Debug|Any CPU
		Release|Any CPU = Release|Any CPU
	EndGlobalSection
	GlobalSection(ProjectConfigurationPlatforms) = postSolution
		{D5761A28-44A7-4ECA-A5A6-55D6D8D7BB92}.Debug|Any CPU.ActiveCfg = Debug|Any CPU
		{D5761A28-44A7-4ECA-A5A6-55D6D8D7BB92}.Debug|Any CPU.Build.0 = Debug|Any CPU
		{D5761A28-44A7-4ECA-A5A6-55D6D8D7BB92}.Release|Any CPU.ActiveCfg = Release|Any CPU
		{D5761A28-44A7-4ECA-A5A6-55D6D8D7BB92}.Release|Any CPU.Build.0 = Release|Any CPU
	EndGlobalSection
	GlobalSection(SolutionProperties) = preSolution
		HideSolutionNode = FALSE
	EndGlobalSection
	GlobalSection(ExtensibilityGlobals) = postSolution
		SolutionGuid = {C4070FEC-832A-43BE-9315-3A9AB342550B}
	EndGlobalSection
EndGlobal
