
Microsoft Visual Studio Solution File, Format Version 12.00
# Visual Studio Version 17
VisualStudioVersion = 17.7.34031.279
MinimumVisualStudioVersion = 10.0.40219.1
Project("{FAE04EC0-301F-11D3-BF4B-00C04F79EFBC}") = "20231227陣列翻轉", "20231227陣列翻轉\20231227陣列翻轉.csproj", "{8D217DD7-B1CC-4006-A015-FB1472E23227}"
EndProject
Global
	GlobalSection(SolutionConfigurationPlatforms) = preSolution
		Debug|Any CPU = Debug|Any CPU
		Release|Any CPU = Release|Any CPU
	EndGlobalSection
	GlobalSection(ProjectConfigurationPlatforms) = postSolution
		{8D217DD7-B1CC-4006-A015-FB1472E23227}.Debug|Any CPU.ActiveCfg = Debug|Any CPU
		{8D217DD7-B1CC-4006-A015-FB1472E23227}.Debug|Any CPU.Build.0 = Debug|Any CPU
		{8D217DD7-B1CC-4006-A015-FB1472E23227}.Release|Any CPU.ActiveCfg = Release|Any CPU
		{8D217DD7-B1CC-4006-A015-FB1472E23227}.Release|Any CPU.Build.0 = Release|Any CPU
	EndGlobalSection
	GlobalSection(SolutionProperties) = preSolution
		HideSolutionNode = FALSE
	EndGlobalSection
	GlobalSection(ExtensibilityGlobals) = postSolution
		SolutionGuid = {D9039A31-3CB5-4351-A5EA-E1874D9D0154}
	EndGlobalSection
EndGlobal
