
Microsoft Visual Studio Solution File, Format Version 12.00
# Visual Studio Version 17
VisualStudioVersion = 17.7.34031.279
MinimumVisualStudioVersion = 10.0.40219.1
Project("{FAE04EC0-301F-11D3-BF4B-00C04F79EFBC}") = "20231213", "20231213\20231213.csproj", "{318FF519-8B30-4822-9CEF-205935F35481}"
EndProject
Global
	GlobalSection(SolutionConfigurationPlatforms) = preSolution
		Debug|Any CPU = Debug|Any CPU
		Release|Any CPU = Release|Any CPU
	EndGlobalSection
	GlobalSection(ProjectConfigurationPlatforms) = postSolution
		{318FF519-8B30-4822-9CEF-205935F35481}.Debug|Any CPU.ActiveCfg = Debug|Any CPU
		{318FF519-8B30-4822-9CEF-205935F35481}.Debug|Any CPU.Build.0 = Debug|Any CPU
		{318FF519-8B30-4822-9CEF-205935F35481}.Release|Any CPU.ActiveCfg = Release|Any CPU
		{318FF519-8B30-4822-9CEF-205935F35481}.Release|Any CPU.Build.0 = Release|Any CPU
	EndGlobalSection
	GlobalSection(SolutionProperties) = preSolution
		HideSolutionNode = FALSE
	EndGlobalSection
	GlobalSection(ExtensibilityGlobals) = postSolution
		SolutionGuid = {855838F2-C766-4A04-8D9C-407207AF5D51}
	EndGlobalSection
EndGlobal
