
Microsoft Visual Studio Solution File, Format Version 12.00
# Visual Studio Version 17
VisualStudioVersion = 17.8.34322.80
MinimumVisualStudioVersion = 10.0.40219.1
Project("{FAE04EC0-301F-11D3-BF4B-00C04F79EFBC}") = "11210301-3", "11210301-3.csproj", "{2E99D62E-C274-422D-8DB1-04762A440DCD}"
EndProject
Global
	GlobalSection(SolutionConfigurationPlatforms) = preSolution
		Debug|Any CPU = Debug|Any CPU
		Release|Any CPU = Release|Any CPU
	EndGlobalSection
	GlobalSection(ProjectConfigurationPlatforms) = postSolution
		{2E99D62E-C274-422D-8DB1-04762A440DCD}.Debug|Any CPU.ActiveCfg = Debug|Any CPU
		{2E99D62E-C274-422D-8DB1-04762A440DCD}.Debug|Any CPU.Build.0 = Debug|Any CPU
		{2E99D62E-C274-422D-8DB1-04762A440DCD}.Release|Any CPU.ActiveCfg = Release|Any CPU
		{2E99D62E-C274-422D-8DB1-04762A440DCD}.Release|Any CPU.Build.0 = Release|Any CPU
	EndGlobalSection
	GlobalSection(SolutionProperties) = preSolution
		HideSolutionNode = FALSE
	EndGlobalSection
	GlobalSection(ExtensibilityGlobals) = postSolution
		SolutionGuid = {EB3A2825-732A-4ECA-9EC8-E2B2D658C83A}
	EndGlobalSection
EndGlobal
