
Microsoft Visual Studio Solution File, Format Version 12.00
# Visual Studio Version 17
VisualStudioVersion = 17.7.34031.279
MinimumVisualStudioVersion = 10.0.40219.1
Project("{FAE04EC0-301F-11D3-BF4B-00C04F79EFBC}") = "20240307最大公因數(輾轉相除法)", "20240307最大公因數(輾轉相除法)\20240307最大公因數(輾轉相除法).csproj", "{24A5979C-C06F-42C2-9AFC-9AADDAD80113}"
EndProject
Global
	GlobalSection(SolutionConfigurationPlatforms) = preSolution
		Debug|Any CPU = Debug|Any CPU
		Release|Any CPU = Release|Any CPU
	EndGlobalSection
	GlobalSection(ProjectConfigurationPlatforms) = postSolution
		{24A5979C-C06F-42C2-9AFC-9AADDAD80113}.Debug|Any CPU.ActiveCfg = Debug|Any CPU
		{24A5979C-C06F-42C2-9AFC-9AADDAD80113}.Debug|Any CPU.Build.0 = Debug|Any CPU
		{24A5979C-C06F-42C2-9AFC-9AADDAD80113}.Release|Any CPU.ActiveCfg = Release|Any CPU
		{24A5979C-C06F-42C2-9AFC-9AADDAD80113}.Release|Any CPU.Build.0 = Release|Any CPU
	EndGlobalSection
	GlobalSection(SolutionProperties) = preSolution
		HideSolutionNode = FALSE
	EndGlobalSection
	GlobalSection(ExtensibilityGlobals) = postSolution
		SolutionGuid = {A2FA5B4A-BADE-48B9-801B-FF05F0988156}
	EndGlobalSection
EndGlobal
