
Microsoft Visual Studio Solution File, Format Version 12.00
# Visual Studio Version 16
VisualStudioVersion = 16.0.34301.259
MinimumVisualStudioVersion = 10.0.40219.1
Project("{FAE04EC0-301F-11D3-BF4B-00C04F79EFBC}") = "20240110第二題", "20240110第二題\20240110第二題.csproj", "{3A8DAB9B-D51C-4F58-ACA3-BF6B430D584A}"
EndProject
Global
	GlobalSection(SolutionConfigurationPlatforms) = preSolution
		Debug|Any CPU = Debug|Any CPU
		Release|Any CPU = Release|Any CPU
	EndGlobalSection
	GlobalSection(ProjectConfigurationPlatforms) = postSolution
		{3A8DAB9B-D51C-4F58-ACA3-BF6B430D584A}.Debug|Any CPU.ActiveCfg = Debug|Any CPU
		{3A8DAB9B-D51C-4F58-ACA3-BF6B430D584A}.Debug|Any CPU.Build.0 = Debug|Any CPU
		{3A8DAB9B-D51C-4F58-ACA3-BF6B430D584A}.Release|Any CPU.ActiveCfg = Release|Any CPU
		{3A8DAB9B-D51C-4F58-ACA3-BF6B430D584A}.Release|Any CPU.Build.0 = Release|Any CPU
	EndGlobalSection
	GlobalSection(SolutionProperties) = preSolution
		HideSolutionNode = FALSE
	EndGlobalSection
	GlobalSection(ExtensibilityGlobals) = postSolution
		SolutionGuid = {873C7472-D597-4F5C-B2D6-AB74CCB25C44}
	EndGlobalSection
EndGlobal
