
Microsoft Visual Studio Solution File, Format Version 12.00
# Visual Studio Version 17
VisualStudioVersion = 17.7.34031.279
MinimumVisualStudioVersion = 10.0.40219.1
Project("{FAE04EC0-301F-11D3-BF4B-00C04F79EFBC}") = "20240530_2", "20240530_2\20240530_2.csproj", "{ED85DAF5-5B01-41EF-8674-082DEA0D8021}"
EndProject
Global
	GlobalSection(SolutionConfigurationPlatforms) = preSolution
		Debug|Any CPU = Debug|Any CPU
		Release|Any CPU = Release|Any CPU
	EndGlobalSection
	GlobalSection(ProjectConfigurationPlatforms) = postSolution
		{ED85DAF5-5B01-41EF-8674-082DEA0D8021}.Debug|Any CPU.ActiveCfg = Debug|Any CPU
		{ED85DAF5-5B01-41EF-8674-082DEA0D8021}.Debug|Any CPU.Build.0 = Debug|Any CPU
		{ED85DAF5-5B01-41EF-8674-082DEA0D8021}.Release|Any CPU.ActiveCfg = Release|Any CPU
		{ED85DAF5-5B01-41EF-8674-082DEA0D8021}.Release|Any CPU.Build.0 = Release|Any CPU
	EndGlobalSection
	GlobalSection(SolutionProperties) = preSolution
		HideSolutionNode = FALSE
	EndGlobalSection
	GlobalSection(ExtensibilityGlobals) = postSolution
		SolutionGuid = {0BFA69BE-5EA5-42F8-A4CB-B1016DB878AB}
	EndGlobalSection
EndGlobal
