
Microsoft Visual Studio Solution File, Format Version 12.00
# Visual Studio Version 17
VisualStudioVersion = 17.7.34031.279
MinimumVisualStudioVersion = 10.0.40219.1
Project("{FAE04EC0-301F-11D3-BF4B-00C04F79EFBC}") = "二維practice", "二維practice\二維practice.csproj", "{BC25A145-0915-491A-B101-970B3666467B}"
EndProject
Global
	GlobalSection(SolutionConfigurationPlatforms) = preSolution
		Debug|Any CPU = Debug|Any CPU
		Release|Any CPU = Release|Any CPU
	EndGlobalSection
	GlobalSection(ProjectConfigurationPlatforms) = postSolution
		{BC25A145-0915-491A-B101-970B3666467B}.Debug|Any CPU.ActiveCfg = Debug|Any CPU
		{BC25A145-0915-491A-B101-970B3666467B}.Debug|Any CPU.Build.0 = Debug|Any CPU
		{BC25A145-0915-491A-B101-970B3666467B}.Release|Any CPU.ActiveCfg = Release|Any CPU
		{BC25A145-0915-491A-B101-970B3666467B}.Release|Any CPU.Build.0 = Release|Any CPU
	EndGlobalSection
	GlobalSection(SolutionProperties) = preSolution
		HideSolutionNode = FALSE
	EndGlobalSection
	GlobalSection(ExtensibilityGlobals) = postSolution
		SolutionGuid = {64C6AB25-F048-41FF-B0D2-D26344AEE521}
	EndGlobalSection
EndGlobal
