
Microsoft Visual Studio Solution File, Format Version 12.00
# Visual Studio Version 17
VisualStudioVersion = 17.8.34322.80
MinimumVisualStudioVersion = 10.0.40219.1
Project("{FAE04EC0-301F-11D3-BF4B-00C04F79EFBC}") = "尋找總和為 10 的區間", "尋找總和為 10 的區間.csproj", "{7834561F-D00B-4940-8606-07FB613CD64E}"
EndProject
Global
	GlobalSection(SolutionConfigurationPlatforms) = preSolution
		Debug|Any CPU = Debug|Any CPU
		Release|Any CPU = Release|Any CPU
	EndGlobalSection
	GlobalSection(ProjectConfigurationPlatforms) = postSolution
		{7834561F-D00B-4940-8606-07FB613CD64E}.Debug|Any CPU.ActiveCfg = Debug|Any CPU
		{7834561F-D00B-4940-8606-07FB613CD64E}.Debug|Any CPU.Build.0 = Debug|Any CPU
		{7834561F-D00B-4940-8606-07FB613CD64E}.Release|Any CPU.ActiveCfg = Release|Any CPU
		{7834561F-D00B-4940-8606-07FB613CD64E}.Release|Any CPU.Build.0 = Release|Any CPU
	EndGlobalSection
	GlobalSection(SolutionProperties) = preSolution
		HideSolutionNode = FALSE
	EndGlobalSection
	GlobalSection(ExtensibilityGlobals) = postSolution
		SolutionGuid = {8F180EE6-A334-45A5-82F4-426125AC23B7}
	EndGlobalSection
EndGlobal
