
Microsoft Visual Studio Solution File, Format Version 12.00
# Visual Studio Version 17
VisualStudioVersion = 17.7.34031.279
MinimumVisualStudioVersion = 10.0.40219.1
Project("{FAE04EC0-301F-11D3-BF4B-00C04F79EFBC}") = "20240530_1", "20240530_1\20240530_1.csproj", "{7FF438EF-3BD9-484F-BD4E-73E26FBDC0CB}"
EndProject
Global
	GlobalSection(SolutionConfigurationPlatforms) = preSolution
		Debug|Any CPU = Debug|Any CPU
		Release|Any CPU = Release|Any CPU
	EndGlobalSection
	GlobalSection(ProjectConfigurationPlatforms) = postSolution
		{7FF438EF-3BD9-484F-BD4E-73E26FBDC0CB}.Debug|Any CPU.ActiveCfg = Debug|Any CPU
		{7FF438EF-3BD9-484F-BD4E-73E26FBDC0CB}.Debug|Any CPU.Build.0 = Debug|Any CPU
		{7FF438EF-3BD9-484F-BD4E-73E26FBDC0CB}.Release|Any CPU.ActiveCfg = Release|Any CPU
		{7FF438EF-3BD9-484F-BD4E-73E26FBDC0CB}.Release|Any CPU.Build.0 = Release|Any CPU
	EndGlobalSection
	GlobalSection(SolutionProperties) = preSolution
		HideSolutionNode = FALSE
	EndGlobalSection
	GlobalSection(ExtensibilityGlobals) = postSolution
		SolutionGuid = {657DD3D4-D30E-4597-AD90-1CF5DBB86F19}
	EndGlobalSection
EndGlobal
