
Microsoft Visual Studio Solution File, Format Version 12.00
# Visual Studio Version 17
VisualStudioVersion = 17.7.34031.279
MinimumVisualStudioVersion = 10.0.40219.1
Project("{FAE04EC0-301F-11D3-BF4B-00C04F79EFBC}") = "20240222阿姆斯壯數", "20240222阿姆斯壯數\20240222阿姆斯壯數.csproj", "{1D5D760F-B869-4759-AEFB-553E3FCD2120}"
EndProject
Global
	GlobalSection(SolutionConfigurationPlatforms) = preSolution
		Debug|Any CPU = Debug|Any CPU
		Release|Any CPU = Release|Any CPU
	EndGlobalSection
	GlobalSection(ProjectConfigurationPlatforms) = postSolution
		{1D5D760F-B869-4759-AEFB-553E3FCD2120}.Debug|Any CPU.ActiveCfg = Debug|Any CPU
		{1D5D760F-B869-4759-AEFB-553E3FCD2120}.Debug|Any CPU.Build.0 = Debug|Any CPU
		{1D5D760F-B869-4759-AEFB-553E3FCD2120}.Release|Any CPU.ActiveCfg = Release|Any CPU
		{1D5D760F-B869-4759-AEFB-553E3FCD2120}.Release|Any CPU.Build.0 = Release|Any CPU
	EndGlobalSection
	GlobalSection(SolutionProperties) = preSolution
		HideSolutionNode = FALSE
	EndGlobalSection
	GlobalSection(ExtensibilityGlobals) = postSolution
		SolutionGuid = {3F95680A-5F07-4835-AD83-0AD2D44A2C05}
	EndGlobalSection
EndGlobal
