
Microsoft Visual Studio Solution File, Format Version 12.00
# Visual Studio Version 17
VisualStudioVersion = 17.7.34031.279
MinimumVisualStudioVersion = 10.0.40219.1
Project("{FAE04EC0-301F-11D3-BF4B-00C04F79EFBC}") = "20231213_2", "20231213_2\20231213_2.csproj", "{42011F30-4EEB-4E62-BD2E-8B668F50358D}"
EndProject
Global
	GlobalSection(SolutionConfigurationPlatforms) = preSolution
		Debug|Any CPU = Debug|Any CPU
		Release|Any CPU = Release|Any CPU
	EndGlobalSection
	GlobalSection(ProjectConfigurationPlatforms) = postSolution
		{42011F30-4EEB-4E62-BD2E-8B668F50358D}.Debug|Any CPU.ActiveCfg = Debug|Any CPU
		{42011F30-4EEB-4E62-BD2E-8B668F50358D}.Debug|Any CPU.Build.0 = Debug|Any CPU
		{42011F30-4EEB-4E62-BD2E-8B668F50358D}.Release|Any CPU.ActiveCfg = Release|Any CPU
		{42011F30-4EEB-4E62-BD2E-8B668F50358D}.Release|Any CPU.Build.0 = Release|Any CPU
	EndGlobalSection
	GlobalSection(SolutionProperties) = preSolution
		HideSolutionNode = FALSE
	EndGlobalSection
	GlobalSection(ExtensibilityGlobals) = postSolution
		SolutionGuid = {BBCA5EA0-FBE1-4861-8A95-197F4169DE6D}
	EndGlobalSection
EndGlobal
