
Microsoft Visual Studio Solution File, Format Version 12.00
# Visual Studio Version 17
VisualStudioVersion = 17.8.34322.80
MinimumVisualStudioVersion = 10.0.40219.1
Project("{FAE04EC0-301F-11D3-BF4B-00C04F79EFBC}") = "11210301-3", "11210301-3.csproj", "{DDAAC645-10A1-4418-ACB9-8061576028C1}"
EndProject
Global
	GlobalSection(SolutionConfigurationPlatforms) = preSolution
		Debug|Any CPU = Debug|Any CPU
		Release|Any CPU = Release|Any CPU
	EndGlobalSection
	GlobalSection(ProjectConfigurationPlatforms) = postSolution
		{DDAAC645-10A1-4418-ACB9-8061576028C1}.Debug|Any CPU.ActiveCfg = Debug|Any CPU
		{DDAAC645-10A1-4418-ACB9-8061576028C1}.Debug|Any CPU.Build.0 = Debug|Any CPU
		{DDAAC645-10A1-4418-ACB9-8061576028C1}.Release|Any CPU.ActiveCfg = Release|Any CPU
		{DDAAC645-10A1-4418-ACB9-8061576028C1}.Release|Any CPU.Build.0 = Release|Any CPU
	EndGlobalSection
	GlobalSection(SolutionProperties) = preSolution
		HideSolutionNode = FALSE
	EndGlobalSection
	GlobalSection(ExtensibilityGlobals) = postSolution
		SolutionGuid = {5D75A298-D0F1-4BAC-86D9-C275DF3E6AE4}
	EndGlobalSection
EndGlobal
