
Microsoft Visual Studio Solution File, Format Version 12.00
# Visual Studio Version 17
VisualStudioVersion = 17.7.34031.279
MinimumVisualStudioVersion = 10.0.40219.1
Project("{FAE04EC0-301F-11D3-BF4B-00C04F79EFBC}") = "20240516_2", "20240516_2\20240516_2.csproj", "{7089C7D4-7F2D-41AF-9557-A80F24021FDB}"
EndProject
Global
	GlobalSection(SolutionConfigurationPlatforms) = preSolution
		Debug|Any CPU = Debug|Any CPU
		Release|Any CPU = Release|Any CPU
	EndGlobalSection
	GlobalSection(ProjectConfigurationPlatforms) = postSolution
		{7089C7D4-7F2D-41AF-9557-A80F24021FDB}.Debug|Any CPU.ActiveCfg = Debug|Any CPU
		{7089C7D4-7F2D-41AF-9557-A80F24021FDB}.Debug|Any CPU.Build.0 = Debug|Any CPU
		{7089C7D4-7F2D-41AF-9557-A80F24021FDB}.Release|Any CPU.ActiveCfg = Release|Any CPU
		{7089C7D4-7F2D-41AF-9557-A80F24021FDB}.Release|Any CPU.Build.0 = Release|Any CPU
	EndGlobalSection
	GlobalSection(SolutionProperties) = preSolution
		HideSolutionNode = FALSE
	EndGlobalSection
	GlobalSection(ExtensibilityGlobals) = postSolution
		SolutionGuid = {10DDEE7C-E90B-4511-9316-8684D3D87C91}
	EndGlobalSection
EndGlobal
