
Microsoft Visual Studio Solution File, Format Version 12.00
# Visual Studio Version 17
VisualStudioVersion = 17.8.34322.80
MinimumVisualStudioVersion = 10.0.40219.1
Project("{FAE04EC0-301F-11D3-BF4B-00C04F79EFBC}") = "Class_練習", "Class_練習\Class_練習.csproj", "{625CF3BA-C720-41AB-A118-6E049B98F2B4}"
EndProject
Global
	GlobalSection(SolutionConfigurationPlatforms) = preSolution
		Debug|Any CPU = Debug|Any CPU
		Release|Any CPU = Release|Any CPU
	EndGlobalSection
	GlobalSection(ProjectConfigurationPlatforms) = postSolution
		{625CF3BA-C720-41AB-A118-6E049B98F2B4}.Debug|Any CPU.ActiveCfg = Debug|Any CPU
		{625CF3BA-C720-41AB-A118-6E049B98F2B4}.Debug|Any CPU.Build.0 = Debug|Any CPU
		{625CF3BA-C720-41AB-A118-6E049B98F2B4}.Release|Any CPU.ActiveCfg = Release|Any CPU
		{625CF3BA-C720-41AB-A118-6E049B98F2B4}.Release|Any CPU.Build.0 = Release|Any CPU
	EndGlobalSection
	GlobalSection(SolutionProperties) = preSolution
		HideSolutionNode = FALSE
	EndGlobalSection
	GlobalSection(ExtensibilityGlobals) = postSolution
		SolutionGuid = {59A62366-46C6-4C44-8CB9-FBB0A1059456}
	EndGlobalSection
EndGlobal
