
Microsoft Visual Studio Solution File, Format Version 12.00
# Visual Studio Version 17
VisualStudioVersion = 17.7.34031.279
MinimumVisualStudioVersion = 10.0.40219.1
Project("{FAE04EC0-301F-11D3-BF4B-00C04F79EFBC}") = "2023.10.4_2", "2023.10.4_2\2023.10.4_2.csproj", "{271FE96F-295C-4EE7-BFBF-C9A4E4888759}"
EndProject
Global
	GlobalSection(SolutionConfigurationPlatforms) = preSolution
		Debug|Any CPU = Debug|Any CPU
		Release|Any CPU = Release|Any CPU
	EndGlobalSection
	GlobalSection(ProjectConfigurationPlatforms) = postSolution
		{271FE96F-295C-4EE7-BFBF-C9A4E4888759}.Debug|Any CPU.ActiveCfg = Debug|Any CPU
		{271FE96F-295C-4EE7-BFBF-C9A4E4888759}.Debug|Any CPU.Build.0 = Debug|Any CPU
		{271FE96F-295C-4EE7-BFBF-C9A4E4888759}.Release|Any CPU.ActiveCfg = Release|Any CPU
		{271FE96F-295C-4EE7-BFBF-C9A4E4888759}.Release|Any CPU.Build.0 = Release|Any CPU
	EndGlobalSection
	GlobalSection(SolutionProperties) = preSolution
		HideSolutionNode = FALSE
	EndGlobalSection
	GlobalSection(ExtensibilityGlobals) = postSolution
		SolutionGuid = {C1794972-B2AD-4A77-B33F-8EE94C25B45F}
	EndGlobalSection
EndGlobal
