
Microsoft Visual Studio Solution File, Format Version 12.00
# Visual Studio Version 17
VisualStudioVersion = 17.8.34322.80
MinimumVisualStudioVersion = 10.0.40219.1
Project("{FAE04EC0-301F-11D3-BF4B-00C04F79EFBC}") = "11210301最少派車次數", "11210301最少派車次數\11210301最少派車次數.csproj", "{8933905E-09C2-430B-B2A6-25E53B98F0BC}"
EndProject
Global
	GlobalSection(SolutionConfigurationPlatforms) = preSolution
		Debug|Any CPU = Debug|Any CPU
		Release|Any CPU = Release|Any CPU
	EndGlobalSection
	GlobalSection(ProjectConfigurationPlatforms) = postSolution
		{8933905E-09C2-430B-B2A6-25E53B98F0BC}.Debug|Any CPU.ActiveCfg = Debug|Any CPU
		{8933905E-09C2-430B-B2A6-25E53B98F0BC}.Debug|Any CPU.Build.0 = Debug|Any CPU
		{8933905E-09C2-430B-B2A6-25E53B98F0BC}.Release|Any CPU.ActiveCfg = Release|Any CPU
		{8933905E-09C2-430B-B2A6-25E53B98F0BC}.Release|Any CPU.Build.0 = Release|Any CPU
	EndGlobalSection
	GlobalSection(SolutionProperties) = preSolution
		HideSolutionNode = FALSE
	EndGlobalSection
	GlobalSection(ExtensibilityGlobals) = postSolution
		SolutionGuid = {00B0A5AE-0F8E-4265-9CFD-8EB0F04A30B4}
	EndGlobalSection
EndGlobal
