
Microsoft Visual Studio Solution File, Format Version 12.00
# Visual Studio Version 17
VisualStudioVersion = 17.8.34322.80
MinimumVisualStudioVersion = 10.0.40219.1
Project("{FAE04EC0-301F-11D3-BF4B-00C04F79EFBC}") = "選擇排序法", "選擇排序法.csproj", "{0CC60981-7543-45F7-9BA1-6DA1347AAA43}"
EndProject
Global
	GlobalSection(SolutionConfigurationPlatforms) = preSolution
		Debug|Any CPU = Debug|Any CPU
		Release|Any CPU = Release|Any CPU
	EndGlobalSection
	GlobalSection(ProjectConfigurationPlatforms) = postSolution
		{0CC60981-7543-45F7-9BA1-6DA1347AAA43}.Debug|Any CPU.ActiveCfg = Debug|Any CPU
		{0CC60981-7543-45F7-9BA1-6DA1347AAA43}.Debug|Any CPU.Build.0 = Debug|Any CPU
		{0CC60981-7543-45F7-9BA1-6DA1347AAA43}.Release|Any CPU.ActiveCfg = Release|Any CPU
		{0CC60981-7543-45F7-9BA1-6DA1347AAA43}.Release|Any CPU.Build.0 = Release|Any CPU
	EndGlobalSection
	GlobalSection(SolutionProperties) = preSolution
		HideSolutionNode = FALSE
	EndGlobalSection
	GlobalSection(ExtensibilityGlobals) = postSolution
		SolutionGuid = {835AC512-8593-4423-9113-9A811C5892DC}
	EndGlobalSection
EndGlobal
