
Microsoft Visual Studio Solution File, Format Version 12.00
# Visual Studio Version 17
VisualStudioVersion = 17.5.33424.131
MinimumVisualStudioVersion = 10.0.40219.1
Project("{FAE04EC0-301F-11D3-BF4B-00C04F79EFBC}") = "20240103期末模擬考第二題", "20240103期末模擬考第二題.csproj", "{3173679B-43D0-4F51-BE6F-474DDF1ED103}"
EndProject
Global
	GlobalSection(SolutionConfigurationPlatforms) = preSolution
		Debug|Any CPU = Debug|Any CPU
		Release|Any CPU = Release|Any CPU
	EndGlobalSection
	GlobalSection(ProjectConfigurationPlatforms) = postSolution
		{3173679B-43D0-4F51-BE6F-474DDF1ED103}.Debug|Any CPU.ActiveCfg = Debug|Any CPU
		{3173679B-43D0-4F51-BE6F-474DDF1ED103}.Debug|Any CPU.Build.0 = Debug|Any CPU
		{3173679B-43D0-4F51-BE6F-474DDF1ED103}.Release|Any CPU.ActiveCfg = Release|Any CPU
		{3173679B-43D0-4F51-BE6F-474DDF1ED103}.Release|Any CPU.Build.0 = Release|Any CPU
	EndGlobalSection
	GlobalSection(SolutionProperties) = preSolution
		HideSolutionNode = FALSE
	EndGlobalSection
	GlobalSection(ExtensibilityGlobals) = postSolution
		SolutionGuid = {8968CDA8-A5E1-4113-9D6A-67F35E32DDDA}
	EndGlobalSection
EndGlobal
