
Microsoft Visual Studio Solution File, Format Version 12.00
# Visual Studio Version 17
VisualStudioVersion = 17.7.34031.279
MinimumVisualStudioVersion = 10.0.40219.1
Project("{FAE04EC0-301F-11D3-BF4B-00C04F79EFBC}") = "20240321物件導向", "20240321物件導向\20240321物件導向.csproj", "{81ECAC58-325C-4EF3-A7DF-03667820D7B2}"
EndProject
Global
	GlobalSection(SolutionConfigurationPlatforms) = preSolution
		Debug|Any CPU = Debug|Any CPU
		Release|Any CPU = Release|Any CPU
	EndGlobalSection
	GlobalSection(ProjectConfigurationPlatforms) = postSolution
		{81ECAC58-325C-4EF3-A7DF-03667820D7B2}.Debug|Any CPU.ActiveCfg = Debug|Any CPU
		{81ECAC58-325C-4EF3-A7DF-03667820D7B2}.Debug|Any CPU.Build.0 = Debug|Any CPU
		{81ECAC58-325C-4EF3-A7DF-03667820D7B2}.Release|Any CPU.ActiveCfg = Release|Any CPU
		{81ECAC58-325C-4EF3-A7DF-03667820D7B2}.Release|Any CPU.Build.0 = Release|Any CPU
	EndGlobalSection
	GlobalSection(SolutionProperties) = preSolution
		HideSolutionNode = FALSE
	EndGlobalSection
	GlobalSection(ExtensibilityGlobals) = postSolution
		SolutionGuid = {DA475264-E14A-4502-A1A0-4FD246CFF31B}
	EndGlobalSection
EndGlobal
