
Microsoft Visual Studio Solution File, Format Version 12.00
# Visual Studio Version 17
VisualStudioVersion = 17.7.34031.279
MinimumVisualStudioVersion = 10.0.40219.1
Project("{FAE04EC0-301F-11D3-BF4B-00C04F79EFBC}") = "20240425_3排序", "20240425_3排序\20240425_3排序.csproj", "{0772FFEC-22D9-4E51-972B-1CCF51470CD8}"
EndProject
Global
	GlobalSection(SolutionConfigurationPlatforms) = preSolution
		Debug|Any CPU = Debug|Any CPU
		Release|Any CPU = Release|Any CPU
	EndGlobalSection
	GlobalSection(ProjectConfigurationPlatforms) = postSolution
		{0772FFEC-22D9-4E51-972B-1CCF51470CD8}.Debug|Any CPU.ActiveCfg = Debug|Any CPU
		{0772FFEC-22D9-4E51-972B-1CCF51470CD8}.Debug|Any CPU.Build.0 = Debug|Any CPU
		{0772FFEC-22D9-4E51-972B-1CCF51470CD8}.Release|Any CPU.ActiveCfg = Release|Any CPU
		{0772FFEC-22D9-4E51-972B-1CCF51470CD8}.Release|Any CPU.Build.0 = Release|Any CPU
	EndGlobalSection
	GlobalSection(SolutionProperties) = preSolution
		HideSolutionNode = FALSE
	EndGlobalSection
	GlobalSection(ExtensibilityGlobals) = postSolution
		SolutionGuid = {745A0BA6-D39F-4250-ACB3-273ED109855E}
	EndGlobalSection
EndGlobal
