
Microsoft Visual Studio Solution File, Format Version 12.00
# Visual Studio Version 17
VisualStudioVersion = 17.7.34031.279
MinimumVisualStudioVersion = 10.0.40219.1
Project("{FAE04EC0-301F-11D3-BF4B-00C04F79EFBC}") = "20240229方法4", "20240229方法4\20240229方法4.csproj", "{692518E6-C896-40D6-9AEB-77160376E97A}"
EndProject
Global
	GlobalSection(SolutionConfigurationPlatforms) = preSolution
		Debug|Any CPU = Debug|Any CPU
		Release|Any CPU = Release|Any CPU
	EndGlobalSection
	GlobalSection(ProjectConfigurationPlatforms) = postSolution
		{692518E6-C896-40D6-9AEB-77160376E97A}.Debug|Any CPU.ActiveCfg = Debug|Any CPU
		{692518E6-C896-40D6-9AEB-77160376E97A}.Debug|Any CPU.Build.0 = Debug|Any CPU
		{692518E6-C896-40D6-9AEB-77160376E97A}.Release|Any CPU.ActiveCfg = Release|Any CPU
		{692518E6-C896-40D6-9AEB-77160376E97A}.Release|Any CPU.Build.0 = Release|Any CPU
	EndGlobalSection
	GlobalSection(SolutionProperties) = preSolution
		HideSolutionNode = FALSE
	EndGlobalSection
	GlobalSection(ExtensibilityGlobals) = postSolution
		SolutionGuid = {E8F88F0F-FF8B-4D5E-A717-5B07B7D1F842}
	EndGlobalSection
EndGlobal
